
Microsoft Visual Studio Solution File, Format Version 12.00
# Visual Studio Version 17
VisualStudioVersion = 17.2.32519.379
MinimumVisualStudioVersion = 10.0.40219.1
Project("{FAE04EC0-301F-11D3-BF4B-00C04F79EFBC}") = "RDBMSACarShow", "RDBMSACarShow\RDBMSACarShow.csproj", "{43A785D2-2218-41B0-B451-23D3D11562E2}"
EndProject
Global
	GlobalSection(SolutionConfigurationPlatforms) = preSolution
		Debug|Any CPU = Debug|Any CPU
		Release|Any CPU = Release|Any CPU
	EndGlobalSection
	GlobalSection(ProjectConfigurationPlatforms) = postSolution
		{43A785D2-2218-41B0-B451-23D3D11562E2}.Debug|Any CPU.ActiveCfg = Debug|Any CPU
		{43A785D2-2218-41B0-B451-23D3D11562E2}.Debug|Any CPU.Build.0 = Debug|Any CPU
		{43A785D2-2218-41B0-B451-23D3D11562E2}.Release|Any CPU.ActiveCfg = Release|Any CPU
		{43A785D2-2218-41B0-B451-23D3D11562E2}.Release|Any CPU.Build.0 = Release|Any CPU
	EndGlobalSection
	GlobalSection(SolutionProperties) = preSolution
		HideSolutionNode = FALSE
	EndGlobalSection
	GlobalSection(ExtensibilityGlobals) = postSolution
		SolutionGuid = {D92E7D89-B793-4EA3-8727-507D11E144F0}
	EndGlobalSection
EndGlobal
